
Microsoft Visual Studio Solution File, Format Version 12.00
# Visual Studio Version 17
VisualStudioVersion = 17.10.35013.160
MinimumVisualStudioVersion = 10.0.40219.1
Project("{FAE04EC0-301F-11D3-BF4B-00C04F79EFBC}") = "WinFormsApp10", "WinFormsApp10.csproj", "{D958B61D-BB29-43E5-A0F1-73E1730C7A5F}"
EndProject
Global
	GlobalSection(SolutionConfigurationPlatforms) = preSolution
		Debug|Any CPU = Debug|Any CPU
		Release|Any CPU = Release|Any CPU
	EndGlobalSection
	GlobalSection(ProjectConfigurationPlatforms) = postSolution
		{D958B61D-BB29-43E5-A0F1-73E1730C7A5F}.Debug|Any CPU.ActiveCfg = Debug|Any CPU
		{D958B61D-BB29-43E5-A0F1-73E1730C7A5F}.Debug|Any CPU.Build.0 = Debug|Any CPU
		{D958B61D-BB29-43E5-A0F1-73E1730C7A5F}.Release|Any CPU.ActiveCfg = Release|Any CPU
		{D958B61D-BB29-43E5-A0F1-73E1730C7A5F}.Release|Any CPU.Build.0 = Release|Any CPU
	EndGlobalSection
	GlobalSection(SolutionProperties) = preSolution
		HideSolutionNode = FALSE
	EndGlobalSection
	GlobalSection(ExtensibilityGlobals) = postSolution
		SolutionGuid = {CF0BC87E-07F6-444A-A545-3CABE065ACE1}
	EndGlobalSection
EndGlobal
